
Microsoft Visual Studio Solution File, Format Version 12.00
# Visual Studio Version 16
VisualStudioVersion = 16.0.31005.135
MinimumVisualStudioVersion = 10.0.40219.1
Project("{FAE04EC0-301F-11D3-BF4B-00C04F79EFBC}") = "Five In a Row", "Five In a Row.csproj", "{74155609-2FA8-46AD-84AD-C57F9A1F1BB0}"
EndProject
Global
	GlobalSection(SolutionConfigurationPlatforms) = preSolution
		Debug|Any CPU = Debug|Any CPU
		Release|Any CPU = Release|Any CPU
	EndGlobalSection
	GlobalSection(ProjectConfigurationPlatforms) = postSolution
		{74155609-2FA8-46AD-84AD-C57F9A1F1BB0}.Debug|Any CPU.ActiveCfg = Debug|Any CPU
		{74155609-2FA8-46AD-84AD-C57F9A1F1BB0}.Debug|Any CPU.Build.0 = Debug|Any CPU
		{74155609-2FA8-46AD-84AD-C57F9A1F1BB0}.Release|Any CPU.ActiveCfg = Release|Any CPU
		{74155609-2FA8-46AD-84AD-C57F9A1F1BB0}.Release|Any CPU.Build.0 = Release|Any CPU
	EndGlobalSection
	GlobalSection(SolutionProperties) = preSolution
		HideSolutionNode = FALSE
	EndGlobalSection
	GlobalSection(ExtensibilityGlobals) = postSolution
		SolutionGuid = {BA49C95D-7545-483A-8A52-B26ED9C4F705}
	EndGlobalSection
EndGlobal
